// !$*UTF8*$!
{
	archiveVersion = 1;
	classes = {
	};
	objectVersion = 46;
	objects = {

/* Begin PBXBuildFile section */
		860C83351CF4A15400EF3E63 /* VJsonTestsPart1.swift in Sources */ = {isa = PBXBuildFile; fileRef = 860C83341CF4A15400EF3E63 /* VJsonTestsPart1.swift */; };
		860C83371CF4A15400EF3E63 /* VJson.framework in Frameworks */ = {isa = PBXBuildFile; fileRef = 866F6C401CDCA63A00557ACE /* VJson.framework */; };
		860C833D1CF4A23600EF3E63 /* ASCII.swift in Sources */ = {isa = PBXBuildFile; fileRef = 865AFCB71C8718BA006CCAD8 /* ASCII.swift */; };
		860C833E1CF4A23600EF3E63 /* VJson.swift in Sources */ = {isa = PBXBuildFile; fileRef = 86745A021C91631D004A1868 /* VJson.swift */; };
		866F6C431CDCA63A00557ACE /* VJson.h in Headers */ = {isa = PBXBuildFile; fileRef = 866F6C421CDCA63A00557ACE /* VJson.h */; settings = {ATTRIBUTES = (Public, ); }; };
		866F6C5E1CDCA64800557ACE /* ASCII.swift in Sources */ = {isa = PBXBuildFile; fileRef = 865AFCB71C8718BA006CCAD8 /* ASCII.swift */; };
		866F6C5F1CDCA64800557ACE /* VJson.swift in Sources */ = {isa = PBXBuildFile; fileRef = 86745A021C91631D004A1868 /* VJson.swift */; };
		8674E4E11D2CE1C200F82222 /* VJsonTestsPart2.swift in Sources */ = {isa = PBXBuildFile; fileRef = 8674E4E01D2CE1C200F82222 /* VJsonTestsPart2.swift */; };
		867F64981D2ED2B50061F11B /* ParseTests.swift in Sources */ = {isa = PBXBuildFile; fileRef = 867F64971D2ED2B50061F11B /* ParseTests.swift */; };
		8681189C1DA38A8700ED36C3 /* AppDelegate.swift in Sources */ = {isa = PBXBuildFile; fileRef = 8681189B1DA38A8700ED36C3 /* AppDelegate.swift */; };
		8681189E1DA38A8700ED36C3 /* Assets.xcassets in Resources */ = {isa = PBXBuildFile; fileRef = 8681189D1DA38A8700ED36C3 /* Assets.xcassets */; };
		868118A11DA38A8700ED36C3 /* MainMenu.xib in Resources */ = {isa = PBXBuildFile; fileRef = 8681189F1DA38A8700ED36C3 /* MainMenu.xib */; };
		868118A71DA38C8200ED36C3 /* MainWindowController.swift in Sources */ = {isa = PBXBuildFile; fileRef = 868118A61DA38C8200ED36C3 /* MainWindowController.swift */; };
		868118A81DA39A0B00ED36C3 /* ASCII.swift in Sources */ = {isa = PBXBuildFile; fileRef = 865AFCB71C8718BA006CCAD8 /* ASCII.swift */; };
		868118A91DA39A0B00ED36C3 /* VJson.swift in Sources */ = {isa = PBXBuildFile; fileRef = 86745A021C91631D004A1868 /* VJson.swift */; };
/* End PBXBuildFile section */

/* Begin PBXContainerItemProxy section */
		860C83381CF4A15400EF3E63 /* PBXContainerItemProxy */ = {
			isa = PBXContainerItemProxy;
			containerPortal = 865B7AFF1A88F2E100411EDA /* Project object */;
			proxyType = 1;
			remoteGlobalIDString = 866F6C3F1CDCA63A00557ACE;
			remoteInfo = VJson;
		};
/* End PBXContainerItemProxy section */

/* Begin PBXFileReference section */
		860C83321CF4A15400EF3E63 /* VJsonTests.xctest */ = {isa = PBXFileReference; explicitFileType = wrapper.cfbundle; includeInIndex = 0; path = VJsonTests.xctest; sourceTree = BUILT_PRODUCTS_DIR; };
		860C83341CF4A15400EF3E63 /* VJsonTestsPart1.swift */ = {isa = PBXFileReference; lastKnownFileType = sourcecode.swift; path = VJsonTestsPart1.swift; sourceTree = "<group>"; };
		860C83361CF4A15400EF3E63 /* Info.plist */ = {isa = PBXFileReference; lastKnownFileType = text.plist.xml; path = Info.plist; sourceTree = "<group>"; };
		865AFCB71C8718BA006CCAD8 /* ASCII.swift */ = {isa = PBXFileReference; fileEncoding = 4; lastKnownFileType = sourcecode.swift; path = ASCII.swift; sourceTree = "<group>"; };
		866F6C401CDCA63A00557ACE /* VJson.framework */ = {isa = PBXFileReference; explicitFileType = wrapper.framework; includeInIndex = 0; path = VJson.framework; sourceTree = BUILT_PRODUCTS_DIR; };
		866F6C421CDCA63A00557ACE /* VJson.h */ = {isa = PBXFileReference; lastKnownFileType = sourcecode.c.h; path = VJson.h; sourceTree = "<group>"; };
		866F6C441CDCA63A00557ACE /* Info.plist */ = {isa = PBXFileReference; lastKnownFileType = text.plist.xml; path = Info.plist; sourceTree = "<group>"; };
		86745A021C91631D004A1868 /* VJson.swift */ = {isa = PBXFileReference; fileEncoding = 4; lastKnownFileType = sourcecode.swift; path = VJson.swift; sourceTree = "<group>"; };
		8674E4E01D2CE1C200F82222 /* VJsonTestsPart2.swift */ = {isa = PBXFileReference; fileEncoding = 4; lastKnownFileType = sourcecode.swift; path = VJsonTestsPart2.swift; sourceTree = "<group>"; };
		867F64971D2ED2B50061F11B /* ParseTests.swift */ = {isa = PBXFileReference; fileEncoding = 4; lastKnownFileType = sourcecode.swift; path = ParseTests.swift; sourceTree = "<group>"; };
		868118991DA38A8600ED36C3 /* VJsonGui.app */ = {isa = PBXFileReference; explicitFileType = wrapper.application; includeInIndex = 0; path = VJsonGui.app; sourceTree = BUILT_PRODUCTS_DIR; };
		8681189B1DA38A8700ED36C3 /* AppDelegate.swift */ = {isa = PBXFileReference; lastKnownFileType = sourcecode.swift; path = AppDelegate.swift; sourceTree = "<group>"; };
		8681189D1DA38A8700ED36C3 /* Assets.xcassets */ = {isa = PBXFileReference; lastKnownFileType = folder.assetcatalog; path = Assets.xcassets; sourceTree = "<group>"; };
		868118A01DA38A8700ED36C3 /* Base */ = {isa = PBXFileReference; lastKnownFileType = file.xib; name = Base; path = Base.lproj/MainMenu.xib; sourceTree = "<group>"; };
		868118A21DA38A8700ED36C3 /* Info.plist */ = {isa = PBXFileReference; lastKnownFileType = text.plist.xml; path = Info.plist; sourceTree = "<group>"; };
		868118A61DA38C8200ED36C3 /* MainWindowController.swift */ = {isa = PBXFileReference; fileEncoding = 4; lastKnownFileType = sourcecode.swift; path = MainWindowController.swift; sourceTree = "<group>"; };
/* End PBXFileReference section */

/* Begin PBXFrameworksBuildPhase section */
		860C832F1CF4A15400EF3E63 /* Frameworks */ = {
			isa = PBXFrameworksBuildPhase;
			buildActionMask = 2147483647;
			files = (
				860C83371CF4A15400EF3E63 /* VJson.framework in Frameworks */,
			);
			runOnlyForDeploymentPostprocessing = 0;
		};
		866F6C3C1CDCA63A00557ACE /* Frameworks */ = {
			isa = PBXFrameworksBuildPhase;
			buildActionMask = 2147483647;
			files = (
			);
			runOnlyForDeploymentPostprocessing = 0;
		};
		868118961DA38A8600ED36C3 /* Frameworks */ = {
			isa = PBXFrameworksBuildPhase;
			buildActionMask = 2147483647;
			files = (
			);
			runOnlyForDeploymentPostprocessing = 0;
		};
/* End PBXFrameworksBuildPhase section */

/* Begin PBXGroup section */
		860C83331CF4A15400EF3E63 /* VJsonTests */ = {
			isa = PBXGroup;
			children = (
				860C83341CF4A15400EF3E63 /* VJsonTestsPart1.swift */,
				8674E4E01D2CE1C200F82222 /* VJsonTestsPart2.swift */,
				867F64971D2ED2B50061F11B /* ParseTests.swift */,
				860C83361CF4A15400EF3E63 /* Info.plist */,
			);
			path = VJsonTests;
			sourceTree = "<group>";
		};
		865B7AFE1A88F2E100411EDA = {
			isa = PBXGroup;
			children = (
				865B7B091A88F2E100411EDA /* SwifterJSON */,
				866F6C411CDCA63A00557ACE /* VJson */,
				860C83331CF4A15400EF3E63 /* VJsonTests */,
				8681189A1DA38A8700ED36C3 /* VJsonGui */,
				865B7B081A88F2E100411EDA /* Products */,
			);
			sourceTree = "<group>";
		};
		865B7B081A88F2E100411EDA /* Products */ = {
			isa = PBXGroup;
			children = (
				866F6C401CDCA63A00557ACE /* VJson.framework */,
				860C83321CF4A15400EF3E63 /* VJsonTests.xctest */,
				868118991DA38A8600ED36C3 /* VJsonGui.app */,
			);
			name = Products;
			sourceTree = "<group>";
		};
		865B7B091A88F2E100411EDA /* SwifterJSON */ = {
			isa = PBXGroup;
			children = (
				865AFCB71C8718BA006CCAD8 /* ASCII.swift */,
				86745A021C91631D004A1868 /* VJson.swift */,
			);
			path = SwifterJSON;
			sourceTree = "<group>";
		};
		866F6C411CDCA63A00557ACE /* VJson */ = {
			isa = PBXGroup;
			children = (
				866F6C421CDCA63A00557ACE /* VJson.h */,
				866F6C441CDCA63A00557ACE /* Info.plist */,
			);
			path = VJson;
			sourceTree = "<group>";
		};
		8681189A1DA38A8700ED36C3 /* VJsonGui */ = {
			isa = PBXGroup;
			children = (
				8681189B1DA38A8700ED36C3 /* AppDelegate.swift */,
				8681189D1DA38A8700ED36C3 /* Assets.xcassets */,
				868118A61DA38C8200ED36C3 /* MainWindowController.swift */,
				8681189F1DA38A8700ED36C3 /* MainMenu.xib */,
				868118A21DA38A8700ED36C3 /* Info.plist */,
			);
			path = VJsonGui;
			sourceTree = "<group>";
		};
/* End PBXGroup section */

/* Begin PBXHeadersBuildPhase section */
		866F6C3D1CDCA63A00557ACE /* Headers */ = {
			isa = PBXHeadersBuildPhase;
			buildActionMask = 2147483647;
			files = (
				866F6C431CDCA63A00557ACE /* VJson.h in Headers */,
			);
			runOnlyForDeploymentPostprocessing = 0;
		};
/* End PBXHeadersBuildPhase section */

/* Begin PBXNativeTarget section */
		860C83311CF4A15400EF3E63 /* VJsonTests */ = {
			isa = PBXNativeTarget;
			buildConfigurationList = 860C833A1CF4A15400EF3E63 /* Build configuration list for PBXNativeTarget "VJsonTests" */;
			buildPhases = (
				860C832E1CF4A15400EF3E63 /* Sources */,
				860C832F1CF4A15400EF3E63 /* Frameworks */,
				860C83301CF4A15400EF3E63 /* Resources */,
			);
			buildRules = (
			);
			dependencies = (
				860C83391CF4A15400EF3E63 /* PBXTargetDependency */,
			);
			name = VJsonTests;
			productName = VJsonTests;
			productReference = 860C83321CF4A15400EF3E63 /* VJsonTests.xctest */;
			productType = "com.apple.product-type.bundle.unit-test";
		};
		866F6C3F1CDCA63A00557ACE /* VJson */ = {
			isa = PBXNativeTarget;
			buildConfigurationList = 866F6C5B1CDCA63A00557ACE /* Build configuration list for PBXNativeTarget "VJson" */;
			buildPhases = (
				866F6C3B1CDCA63A00557ACE /* Sources */,
				866F6C3C1CDCA63A00557ACE /* Frameworks */,
				866F6C3D1CDCA63A00557ACE /* Headers */,
				866F6C3E1CDCA63A00557ACE /* Resources */,
			);
			buildRules = (
			);
			dependencies = (
			);
			name = VJson;
			productName = VJson;
			productReference = 866F6C401CDCA63A00557ACE /* VJson.framework */;
			productType = "com.apple.product-type.framework";
		};
		868118981DA38A8600ED36C3 /* VJsonGui */ = {
			isa = PBXNativeTarget;
			buildConfigurationList = 868118A51DA38A8700ED36C3 /* Build configuration list for PBXNativeTarget "VJsonGui" */;
			buildPhases = (
				868118951DA38A8600ED36C3 /* Sources */,
				868118961DA38A8600ED36C3 /* Frameworks */,
				868118971DA38A8600ED36C3 /* Resources */,
			);
			buildRules = (
			);
			dependencies = (
			);
			name = VJsonGui;
			productName = VJsonGui;
			productReference = 868118991DA38A8600ED36C3 /* VJsonGui.app */;
			productType = "com.apple.product-type.application";
		};
/* End PBXNativeTarget section */

/* Begin PBXProject section */
		865B7AFF1A88F2E100411EDA /* Project object */ = {
			isa = PBXProject;
			attributes = {
				LastSwiftMigration = 0700;
				LastSwiftUpdateCheck = 0800;
				LastUpgradeCheck = 0800;
				ORGANIZATIONNAME = "Marinus van der Lugt";
				TargetAttributes = {
					860C83311CF4A15400EF3E63 = {
						CreatedOnToolsVersion = 7.3.1;
						LastSwiftMigration = 0800;
					};
					866F6C3F1CDCA63A00557ACE = {
						CreatedOnToolsVersion = 7.3.1;
						LastSwiftMigration = 0800;
					};
					868118981DA38A8600ED36C3 = {
						CreatedOnToolsVersion = 8.0;
						DevelopmentTeam = 7P4D6LHV5G;
						ProvisioningStyle = Automatic;
					};
				};
			};
			buildConfigurationList = 865B7B021A88F2E100411EDA /* Build configuration list for PBXProject "SwifterJSON" */;
			compatibilityVersion = "Xcode 3.2";
			developmentRegion = English;
			hasScannedForEncodings = 0;
			knownRegions = (
				en,
				Base,
			);
			mainGroup = 865B7AFE1A88F2E100411EDA;
			productRefGroup = 865B7B081A88F2E100411EDA /* Products */;
			projectDirPath = "";
			projectRoot = "";
			targets = (
				866F6C3F1CDCA63A00557ACE /* VJson */,
				860C83311CF4A15400EF3E63 /* VJsonTests */,
				868118981DA38A8600ED36C3 /* VJsonGui */,
			);
		};
/* End PBXProject section */

/* Begin PBXResourcesBuildPhase section */
		860C83301CF4A15400EF3E63 /* Resources */ = {
			isa = PBXResourcesBuildPhase;
			buildActionMask = 2147483647;
			files = (
			);
			runOnlyForDeploymentPostprocessing = 0;
		};
		866F6C3E1CDCA63A00557ACE /* Resources */ = {
			isa = PBXResourcesBuildPhase;
			buildActionMask = 2147483647;
			files = (
			);
			runOnlyForDeploymentPostprocessing = 0;
		};
		868118971DA38A8600ED36C3 /* Resources */ = {
			isa = PBXResourcesBuildPhase;
			buildActionMask = 2147483647;
			files = (
				8681189E1DA38A8700ED36C3 /* Assets.xcassets in Resources */,
				868118A11DA38A8700ED36C3 /* MainMenu.xib in Resources */,
			);
			runOnlyForDeploymentPostprocessing = 0;
		};
/* End PBXResourcesBuildPhase section */

/* Begin PBXSourcesBuildPhase section */
		860C832E1CF4A15400EF3E63 /* Sources */ = {
			isa = PBXSourcesBuildPhase;
			buildActionMask = 2147483647;
			files = (
				867F64981D2ED2B50061F11B /* ParseTests.swift in Sources */,
				8674E4E11D2CE1C200F82222 /* VJsonTestsPart2.swift in Sources */,
				860C833E1CF4A23600EF3E63 /* VJson.swift in Sources */,
				860C83351CF4A15400EF3E63 /* VJsonTestsPart1.swift in Sources */,
				860C833D1CF4A23600EF3E63 /* ASCII.swift in Sources */,
			);
			runOnlyForDeploymentPostprocessing = 0;
		};
		866F6C3B1CDCA63A00557ACE /* Sources */ = {
			isa = PBXSourcesBuildPhase;
			buildActionMask = 2147483647;
			files = (
				866F6C5F1CDCA64800557ACE /* VJson.swift in Sources */,
				866F6C5E1CDCA64800557ACE /* ASCII.swift in Sources */,
			);
			runOnlyForDeploymentPostprocessing = 0;
		};
		868118951DA38A8600ED36C3 /* Sources */ = {
			isa = PBXSourcesBuildPhase;
			buildActionMask = 2147483647;
			files = (
				868118A71DA38C8200ED36C3 /* MainWindowController.swift in Sources */,
				8681189C1DA38A8700ED36C3 /* AppDelegate.swift in Sources */,
				868118A91DA39A0B00ED36C3 /* VJson.swift in Sources */,
				868118A81DA39A0B00ED36C3 /* ASCII.swift in Sources */,
			);
			runOnlyForDeploymentPostprocessing = 0;
		};
/* End PBXSourcesBuildPhase section */

/* Begin PBXTargetDependency section */
		860C83391CF4A15400EF3E63 /* PBXTargetDependency */ = {
			isa = PBXTargetDependency;
			target = 866F6C3F1CDCA63A00557ACE /* VJson */;
			targetProxy = 860C83381CF4A15400EF3E63 /* PBXContainerItemProxy */;
		};
/* End PBXTargetDependency section */

/* Begin PBXVariantGroup section */
		8681189F1DA38A8700ED36C3 /* MainMenu.xib */ = {
			isa = PBXVariantGroup;
			children = (
				868118A01DA38A8700ED36C3 /* Base */,
			);
			name = MainMenu.xib;
			sourceTree = "<group>";
		};
/* End PBXVariantGroup section */

/* Begin XCBuildConfiguration section */
		860C833B1CF4A15400EF3E63 /* Debug */ = {
			isa = XCBuildConfiguration;
			buildSettings = {
				CLANG_ANALYZER_NONNULL = YES;
				COMBINE_HIDPI_IMAGES = YES;
				DEBUG_INFORMATION_FORMAT = dwarf;
				GCC_NO_COMMON_BLOCKS = YES;
				INFOPLIST_FILE = VJsonTests/Info.plist;
				LD_RUNPATH_SEARCH_PATHS = "$(inherited) @executable_path/../Frameworks @loader_path/../Frameworks";
				MACOSX_DEPLOYMENT_TARGET = 10.11;
				PRODUCT_BUNDLE_IDENTIFIER = nl.balancingrock.VJsonTests;
				PRODUCT_NAME = "$(TARGET_NAME)";
				SWIFT_VERSION = 3.0;
			};
			name = Debug;
		};
		860C833C1CF4A15400EF3E63 /* Release */ = {
			isa = XCBuildConfiguration;
			buildSettings = {
				CLANG_ANALYZER_NONNULL = YES;
				COMBINE_HIDPI_IMAGES = YES;
				COPY_PHASE_STRIP = NO;
				GCC_NO_COMMON_BLOCKS = YES;
				INFOPLIST_FILE = VJsonTests/Info.plist;
				LD_RUNPATH_SEARCH_PATHS = "$(inherited) @executable_path/../Frameworks @loader_path/../Frameworks";
				MACOSX_DEPLOYMENT_TARGET = 10.11;
				PRODUCT_BUNDLE_IDENTIFIER = nl.balancingrock.VJsonTests;
				PRODUCT_NAME = "$(TARGET_NAME)";
				SWIFT_OPTIMIZATION_LEVEL = "-Owholemodule";
				SWIFT_VERSION = 3.0;
			};
			name = Release;
		};
		865B7B211A88F2E100411EDA /* Debug */ = {
			isa = XCBuildConfiguration;
			buildSettings = {
				ALWAYS_SEARCH_USER_PATHS = NO;
				CLANG_CXX_LANGUAGE_STANDARD = "gnu++0x";
				CLANG_CXX_LIBRARY = "libc++";
				CLANG_ENABLE_MODULES = YES;
				CLANG_ENABLE_OBJC_ARC = YES;
				CLANG_WARN_BOOL_CONVERSION = YES;
				CLANG_WARN_CONSTANT_CONVERSION = YES;
				CLANG_WARN_DIRECT_OBJC_ISA_USAGE = YES_ERROR;
				CLANG_WARN_EMPTY_BODY = YES;
				CLANG_WARN_ENUM_CONVERSION = YES;
				CLANG_WARN_INT_CONVERSION = YES;
				CLANG_WARN_OBJC_ROOT_CLASS = YES_ERROR;
				CLANG_WARN_UNREACHABLE_CODE = YES;
				CLANG_WARN__DUPLICATE_METHOD_MATCH = YES;
				CODE_SIGN_IDENTITY = "-";
				COPY_PHASE_STRIP = NO;
				ENABLE_STRICT_OBJC_MSGSEND = YES;
				ENABLE_TESTABILITY = YES;
				GCC_C_LANGUAGE_STANDARD = gnu99;
				GCC_DYNAMIC_NO_PIC = NO;
				GCC_NO_COMMON_BLOCKS = YES;
				GCC_OPTIMIZATION_LEVEL = 0;
				GCC_PREPROCESSOR_DEFINITIONS = (
					"DEBUG=1",
					"$(inherited)",
				);
				GCC_SYMBOLS_PRIVATE_EXTERN = NO;
				GCC_WARN_64_TO_32_BIT_CONVERSION = YES;
				GCC_WARN_ABOUT_RETURN_TYPE = YES_ERROR;
				GCC_WARN_UNDECLARED_SELECTOR = YES;
				GCC_WARN_UNINITIALIZED_AUTOS = YES_AGGRESSIVE;
				GCC_WARN_UNUSED_FUNCTION = YES;
				GCC_WARN_UNUSED_VARIABLE = YES;
				MACOSX_DEPLOYMENT_TARGET = 10.10;
				MTL_ENABLE_DEBUG_INFO = YES;
				ONLY_ACTIVE_ARCH = YES;
				SDKROOT = macosx;
				SWIFT_OPTIMIZATION_LEVEL = "-Onone";
			};
			name = Debug;
		};
		865B7B221A88F2E100411EDA /* Release */ = {
			isa = XCBuildConfiguration;
			buildSettings = {
				ALWAYS_SEARCH_USER_PATHS = NO;
				CLANG_CXX_LANGUAGE_STANDARD = "gnu++0x";
				CLANG_CXX_LIBRARY = "libc++";
				CLANG_ENABLE_MODULES = YES;
				CLANG_ENABLE_OBJC_ARC = YES;
				CLANG_WARN_BOOL_CONVERSION = YES;
				CLANG_WARN_CONSTANT_CONVERSION = YES;
				CLANG_WARN_DIRECT_OBJC_ISA_USAGE = YES_ERROR;
				CLANG_WARN_EMPTY_BODY = YES;
				CLANG_WARN_ENUM_CONVERSION = YES;
				CLANG_WARN_INT_CONVERSION = YES;
				CLANG_WARN_OBJC_ROOT_CLASS = YES_ERROR;
				CLANG_WARN_UNREACHABLE_CODE = YES;
				CLANG_WARN__DUPLICATE_METHOD_MATCH = YES;
				CODE_SIGN_IDENTITY = "-";
				COPY_PHASE_STRIP = YES;
				DEBUG_INFORMATION_FORMAT = "dwarf-with-dsym";
				ENABLE_NS_ASSERTIONS = NO;
				ENABLE_STRICT_OBJC_MSGSEND = YES;
				GCC_C_LANGUAGE_STANDARD = gnu99;
				GCC_NO_COMMON_BLOCKS = YES;
				GCC_WARN_64_TO_32_BIT_CONVERSION = YES;
				GCC_WARN_ABOUT_RETURN_TYPE = YES_ERROR;
				GCC_WARN_UNDECLARED_SELECTOR = YES;
				GCC_WARN_UNINITIALIZED_AUTOS = YES_AGGRESSIVE;
				GCC_WARN_UNUSED_FUNCTION = YES;
				GCC_WARN_UNUSED_VARIABLE = YES;
				MACOSX_DEPLOYMENT_TARGET = 10.10;
				MTL_ENABLE_DEBUG_INFO = NO;
				SDKROOT = macosx;
			};
			name = Release;
		};
		866F6C571CDCA63A00557ACE /* Debug */ = {
			isa = XCBuildConfiguration;
			buildSettings = {
				CLANG_ANALYZER_NONNULL = YES;
				COMBINE_HIDPI_IMAGES = YES;
				CURRENT_PROJECT_VERSION = 1;
				DEBUG_INFORMATION_FORMAT = dwarf;
				DEFINES_MODULE = YES;
				DYLIB_COMPATIBILITY_VERSION = 1;
				DYLIB_CURRENT_VERSION = 1;
				DYLIB_INSTALL_NAME_BASE = "@rpath";
				FRAMEWORK_VERSION = A;
				GCC_NO_COMMON_BLOCKS = YES;
				INFOPLIST_FILE = VJson/Info.plist;
				INSTALL_PATH = "$(LOCAL_LIBRARY_DIR)/Frameworks";
				LD_RUNPATH_SEARCH_PATHS = "$(inherited) @executable_path/../Frameworks @loader_path/Frameworks";
				MACOSX_DEPLOYMENT_TARGET = 10.10;
				PRODUCT_BUNDLE_IDENTIFIER = nl.balancingrock.VJson;
				PRODUCT_NAME = "$(TARGET_NAME)";
				SKIP_INSTALL = YES;
				SWIFT_VERSION = 3.0;
				VERSIONING_SYSTEM = "apple-generic";
				VERSION_INFO_PREFIX = "";
			};
			name = Debug;
		};
		866F6C581CDCA63A00557ACE /* Release */ = {
			isa = XCBuildConfiguration;
			buildSettings = {
				CLANG_ANALYZER_NONNULL = YES;
				COMBINE_HIDPI_IMAGES = YES;
				COPY_PHASE_STRIP = NO;
				CURRENT_PROJECT_VERSION = 1;
				DEFINES_MODULE = YES;
				DYLIB_COMPATIBILITY_VERSION = 1;
				DYLIB_CURRENT_VERSION = 1;
				DYLIB_INSTALL_NAME_BASE = "@rpath";
				FRAMEWORK_VERSION = A;
				GCC_NO_COMMON_BLOCKS = YES;
				INFOPLIST_FILE = VJson/Info.plist;
				INSTALL_PATH = "$(LOCAL_LIBRARY_DIR)/Frameworks";
				LD_RUNPATH_SEARCH_PATHS = "$(inherited) @executable_path/../Frameworks @loader_path/Frameworks";
				MACOSX_DEPLOYMENT_TARGET = 10.10;
				PRODUCT_BUNDLE_IDENTIFIER = nl.balancingrock.VJson;
				PRODUCT_NAME = "$(TARGET_NAME)";
				SKIP_INSTALL = YES;
				SWIFT_OPTIMIZATION_LEVEL = "-Owholemodule";
				SWIFT_VERSION = 3.0;
				VERSIONING_SYSTEM = "apple-generic";
				VERSION_INFO_PREFIX = "";
			};
			name = Release;
		};
		868118A31DA38A8700ED36C3 /* Debug */ = {
			isa = XCBuildConfiguration;
			buildSettings = {
				ASSETCATALOG_COMPILER_APPICON_NAME = AppIcon;
				CLANG_ANALYZER_NONNULL = YES;
				CLANG_WARN_DOCUMENTATION_COMMENTS = YES;
				CLANG_WARN_INFINITE_RECURSION = YES;
				CLANG_WARN_SUSPICIOUS_MOVES = YES;
				COMBINE_HIDPI_IMAGES = YES;
				DEBUG_INFORMATION_FORMAT = dwarf;
				DEVELOPMENT_TEAM = 7P4D6LHV5G;
				INFOPLIST_FILE = VJsonGui/Info.plist;
				LD_RUNPATH_SEARCH_PATHS = "$(inherited) @executable_path/../Frameworks";
				MACOSX_DEPLOYMENT_TARGET = 10.11;
				PRODUCT_BUNDLE_IDENTIFIER = nl.balancingrock.VJsonGui;
				PRODUCT_NAME = "$(TARGET_NAME)";
				SWIFT_ACTIVE_COMPILATION_CONDITIONS = DEBUG;
				SWIFT_VERSION = 3.0;
			};
			name = Debug;
		};
		868118A41DA38A8700ED36C3 /* Release */ = {
			isa = XCBuildConfiguration;
			buildSettings = {
				ASSETCATALOG_COMPILER_APPICON_NAME = AppIcon;
				CLANG_ANALYZER_NONNULL = YES;
				CLANG_WARN_DOCUMENTATION_COMMENTS = YES;
				CLANG_WARN_INFINITE_RECURSION = YES;
				CLANG_WARN_SUSPICIOUS_MOVES = YES;
				COMBINE_HIDPI_IMAGES = YES;
				COPY_PHASE_STRIP = NO;
				DEVELOPMENT_TEAM = 7P4D6LHV5G;
				INFOPLIST_FILE = VJsonGui/Info.plist;
				LD_RUNPATH_SEARCH_PATHS = "$(inherited) @executable_path/../Frameworks";
				MACOSX_DEPLOYMENT_TARGET = 10.11;
				PRODUCT_BUNDLE_IDENTIFIER = nl.balancingrock.VJsonGui;
				PRODUCT_NAME = "$(TARGET_NAME)";
				SWIFT_OPTIMIZATION_LEVEL = "-Owholemodule";
				SWIFT_VERSION = 3.0;
			};
			name = Release;
		};
/* End XCBuildConfiguration section */

/* Begin XCConfigurationList section */
		860C833A1CF4A15400EF3E63 /* Build configuration list for PBXNativeTarget "VJsonTests" */ = {
			isa = XCConfigurationList;
			buildConfigurations = (
				860C833B1CF4A15400EF3E63 /* Debug */,
				860C833C1CF4A15400EF3E63 /* Release */,
			);
			defaultConfigurationIsVisible = 0;
			defaultConfigurationName = Release;
		};
		865B7B021A88F2E100411EDA /* Build configuration list for PBXProject "SwifterJSON" */ = {
			isa = XCConfigurationList;
			buildConfigurations = (
				865B7B211A88F2E100411EDA /* Debug */,
				865B7B221A88F2E100411EDA /* Release */,
			);
			defaultConfigurationIsVisible = 0;
			defaultConfigurationName = Release;
		};
		866F6C5B1CDCA63A00557ACE /* Build configuration list for PBXNativeTarget "VJson" */ = {
			isa = XCConfigurationList;
			buildConfigurations = (
				866F6C571CDCA63A00557ACE /* Debug */,
				866F6C581CDCA63A00557ACE /* Release */,
			);
			defaultConfigurationIsVisible = 0;
			defaultConfigurationName = Release;
		};
		868118A51DA38A8700ED36C3 /* Build configuration list for PBXNativeTarget "VJsonGui" */ = {
			isa = XCConfigurationList;
			buildConfigurations = (
				868118A31DA38A8700ED36C3 /* Debug */,
				868118A41DA38A8700ED36C3 /* Release */,
			);
			defaultConfigurationIsVisible = 0;
		};
/* End XCConfigurationList section */
	};
	rootObject = 865B7AFF1A88F2E100411EDA /* Project object */;
}
